# This file was autogenerated by Stack.
# You should not edit this file by hand.
# For more information, please see the documentation at:
#   https://docs.haskellstack.org/en/stable/lock_files

packages:
- completed:
    hackage: siggy-chardust-1.0.0@sha256:6b8ce9ea6b344650e47f68d194835091c8bafe90ea88c37abcb8409365a876d2,2657
    pantry-tree:
      size: 593
      sha256: 850587a5b61955be765f150cb1db5e71a98ce069ad8f1612e367c86b3e669d4a
  original:
    hackage: siggy-chardust-1.0.0
- completed:
    hackage: parallel-io-0.3.3@sha256:d51f902591a4e5009785217e21b1a5650d3d80fb6dc52535eddf2270a2fdef55,3421
    pantry-tree:
      size: 706
      sha256: 96c87187aba959bab8d7463398604209505a9458261ee054cfc953fdbdd472fe
  original:
    hackage: parallel-io-0.3.3
snapshots:
- completed:
    size: 533252
    url: https://raw.githubusercontent.com/commercialhaskell/stackage-snapshots/master/lts/16/26.yaml
    sha256: cdbc5db9c1afe80a5998247939027a0c7db92fa0f20b5cd01596ec3da628b622
  original:
    url: https://raw.githubusercontent.com/commercialhaskell/stackage-snapshots/master/lts/16/26.yaml
